
Microsoft Visual Studio Solution File, Format Version 12.00
# Visual Studio Version 17
VisualStudioVersion = 17.7.34031.279
MinimumVisualStudioVersion = 10.0.40219.1
Project("{FAE04EC0-301F-11D3-BF4B-00C04F79EFBC}") = "KassaApparaten", "KassaApparaten\KassaApparaten.csproj", "{41BA3001-9449-4527-AE8C-CCA65AD18A97}"
EndProject
Global
	GlobalSection(SolutionConfigurationPlatforms) = preSolution
		Debug|Any CPU = Debug|Any CPU
		Release|Any CPU = Release|Any CPU
	EndGlobalSection
	GlobalSection(ProjectConfigurationPlatforms) = postSolution
		{41BA3001-9449-4527-AE8C-CCA65AD18A97}.Debug|Any CPU.ActiveCfg = Debug|Any CPU
		{41BA3001-9449-4527-AE8C-CCA65AD18A97}.Debug|Any CPU.Build.0 = Debug|Any CPU
		{41BA3001-9449-4527-AE8C-CCA65AD18A97}.Release|Any CPU.ActiveCfg = Release|Any CPU
		{41BA3001-9449-4527-AE8C-CCA65AD18A97}.Release|Any CPU.Build.0 = Release|Any CPU
	EndGlobalSection
	GlobalSection(SolutionProperties) = preSolution
		HideSolutionNode = FALSE
	EndGlobalSection
	GlobalSection(ExtensibilityGlobals) = postSolution
		SolutionGuid = {A5F40D55-F717-4D75-ABF8-B95B7C9F0D25}
	EndGlobalSection
EndGlobal
